PODS:
  - QBImagePickerController (3.4.0)
  - RSKImageCropper (1.6.0)

DEPENDENCIES:
  - QBImagePickerController
  - RSKImageCropper

SPEC CHECKSUMS:
  QBImagePickerController: d54cf93db6decf26baf6ed3472f336ef35cae022
  RSKImageCropper: 6903235c7a8a79acb1e1f3490e2c911b858f8208

PODFILE CHECKSUM: 3d2c5d4dbc1e2c306b3ffb426d74359564f79366

COCOAPODS: 1.2.0
