PODS:
  - QBImagePickerController (3.4.0)
  - RSKImageCropper (1.6.0)

DEPENDENCIES:
  - QBImagePickerController
  - RSKImageCropper

SPEC CHECKSUMS:
  QBImagePickerController: d54cf93db6decf26baf6ed3472f336ef35cae022
  RSKImageCropper: 6903235c7a8a79acb1e1f3490e2c911b858f8208

PODFILE CHECKSUM: f206cb42f479d8933ee1a36abda02d2df13c1903

COCOAPODS: 1.2.0
